
Microsoft Visual Studio Solution File, Format Version 12.00
# Visual Studio Version 16
VisualStudioVersion = 16.0.30517.126
MinimumVisualStudioVersion = 10.0.40219.1
Project("{9A19103F-16F7-4668-BE54-9A1E7A4F7556}") = "backtrack-carrier-designation", "backtrack-carrier-designation.csproj", "{222E8ACE-B61A-4DAB-98F1-A187F4269AFF}"
EndProject
Global
	GlobalSection(SolutionConfigurationPlatforms) = preSolution
		Debug|Any CPU = Debug|Any CPU
		Release|Any CPU = Release|Any CPU
	EndGlobalSection
	GlobalSection(ProjectConfigurationPlatforms) = postSolution
		{222E8ACE-B61A-4DAB-98F1-A187F4269AFF}.Debug|Any CPU.ActiveCfg = Debug|Any CPU
		{222E8ACE-B61A-4DAB-98F1-A187F4269AFF}.Debug|Any CPU.Build.0 = Debug|Any CPU
		{222E8ACE-B61A-4DAB-98F1-A187F4269AFF}.Release|Any CPU.ActiveCfg = Release|Any CPU
		{222E8ACE-B61A-4DAB-98F1-A187F4269AFF}.Release|Any CPU.Build.0 = Release|Any CPU
	EndGlobalSection
	GlobalSection(SolutionProperties) = preSolution
		HideSolutionNode = FALSE
	EndGlobalSection
	GlobalSection(ExtensibilityGlobals) = postSolution
		SolutionGuid = {7912CAF7-242A-4027-9B61-2887B3DCA3F8}
	EndGlobalSection
EndGlobal
